// !$*UTF8*$!
{
	archiveVersion = 1;
	classes = {
	};
	objectVersion = 50;
	objects = {

/* Begin PBXBuildFile section */
		601542A922187D6600F02793 /* PlaceModel.swift in Sources */ = {isa = PBXBuildFile; fileRef = 601542A822187D6600F02793 /* PlaceModel.swift */; };
		6067E40C22136C2300561EB0 /* PlaceTableViewCell.swift in Sources */ = {isa = PBXBuildFile; fileRef = 6067E40B22136C2300561EB0 /* PlaceTableViewCell.swift */; };
		60BB5B002218974F0077B8B7 /* ViewControllerExtension.swift in Sources */ = {isa = PBXBuildFile; fileRef = 60BB5AFF2218974F0077B8B7 /* ViewControllerExtension.swift */; };
		60EC730B221230EF006BC97B /* AppDelegate.swift in Sources */ = {isa = PBXBuildFile; fileRef = 60EC730A221230EF006BC97B /* AppDelegate.swift */; };
		60EC730D221230EF006BC97B /* MapViewController.swift in Sources */ = {isa = PBXBuildFile; fileRef = 60EC730C221230EF006BC97B /* MapViewController.swift */; };
		60EC730F221230EF006BC97B /* PlacesListViewController.swift in Sources */ = {isa = PBXBuildFile; fileRef = 60EC730E221230EF006BC97B /* PlacesListViewController.swift */; };
		60EC7312221230EF006BC97B /* Main.storyboard in Resources */ = {isa = PBXBuildFile; fileRef = 60EC7310221230EF006BC97B /* Main.storyboard */; };
		60EC7314221230FD006BC97B /* Assets.xcassets in Resources */ = {isa = PBXBuildFile; fileRef = 60EC7313221230FD006BC97B /* Assets.xcassets */; };
/* End PBXBuildFile section */

/* Begin PBXFileReference section */
		601542A822187D6600F02793 /* PlaceModel.swift */ = {isa = PBXFileReference; lastKnownFileType = sourcecode.swift; path = PlaceModel.swift; sourceTree = "<group>"; };
		6067E40B22136C2300561EB0 /* PlaceTableViewCell.swift */ = {isa = PBXFileReference; lastKnownFileType = sourcecode.swift; path = PlaceTableViewCell.swift; sourceTree = "<group>"; };
		60BB5AFF2218974F0077B8B7 /* ViewControllerExtension.swift */ = {isa = PBXFileReference; lastKnownFileType = sourcecode.swift; path = ViewControllerExtension.swift; sourceTree = "<group>"; };
		60EC7307221230EF006BC97B /* Kanto.app */ = {isa = PBXFileReference; explicitFileType = wrapper.application; includeInIndex = 0; path = Kanto.app; sourceTree = BUILT_PRODUCTS_DIR; };
		60EC730A221230EF006BC97B /* AppDelegate.swift */ = {isa = PBXFileReference; lastKnownFileType = sourcecode.swift; path = AppDelegate.swift; sourceTree = "<group>"; };
		60EC730C221230EF006BC97B /* MapViewController.swift */ = {isa = PBXFileReference; lastKnownFileType = sourcecode.swift; path = MapViewController.swift; sourceTree = "<group>"; };
		60EC730E221230EF006BC97B /* PlacesListViewController.swift */ = {isa = PBXFileReference; lastKnownFileType = sourcecode.swift; path = PlacesListViewController.swift; sourceTree = "<group>"; };
		60EC7311221230EF006BC97B /* Base */ = {isa = PBXFileReference; lastKnownFileType = file.storyboard; name = Base; path = Base.lproj/Main.storyboard; sourceTree = "<group>"; };
		60EC7313221230FD006BC97B /* Assets.xcassets */ = {isa = PBXFileReference; lastKnownFileType = folder.assetcatalog; path = Assets.xcassets; sourceTree = "<group>"; };
		60EC7318221230FD006BC97B /* Info.plist */ = {isa = PBXFileReference; lastKnownFileType = text.plist.xml; path = Info.plist; sourceTree = "<group>"; };
/* End PBXFileReference section */

/* Begin PBXFrameworksBuildPhase section */
		60EC7304221230EF006BC97B /* Frameworks */ = {
			isa = PBXFrameworksBuildPhase;
			buildActionMask = 2147483647;
			files = (
			);
			runOnlyForDeploymentPostprocessing = 0;
		};
/* End PBXFrameworksBuildPhase section */

/* Begin PBXGroup section */
		6067E40822136B3600561EB0 /* TableViewCells */ = {
			isa = PBXGroup;
			children = (
				6067E40B22136C2300561EB0 /* PlaceTableViewCell.swift */,
			);
			path = TableViewCells;
			sourceTree = "<group>";
		};
		60BB5AFE2218973A0077B8B7 /* Extensions */ = {
			isa = PBXGroup;
			children = (
				60BB5AFF2218974F0077B8B7 /* ViewControllerExtension.swift */,
			);
			path = Extensions;
			sourceTree = "<group>";
		};
		60EC72FE221230EF006BC97B = {
			isa = PBXGroup;
			children = (
				60EC7309221230EF006BC97B /* Kanto */,
				60EC7308221230EF006BC97B /* Products */,
			);
			sourceTree = "<group>";
		};
		60EC7308221230EF006BC97B /* Products */ = {
			isa = PBXGroup;
			children = (
				60EC7307221230EF006BC97B /* Kanto.app */,
			);
			name = Products;
			sourceTree = "<group>";
		};
		60EC7309221230EF006BC97B /* Kanto */ = {
			isa = PBXGroup;
			children = (
				60EC7321221231BE006BC97B /* Models */,
				60EC7320221231BA006BC97B /* Views */,
				60EC7323221232F5006BC97B /* Storyboards */,
				60EC731F221231B6006BC97B /* Controllers */,
				60EC732222123287006BC97B /* Utils */,
				60EC731E221231B1006BC97B /* Resources */,
				60EC730A221230EF006BC97B /* AppDelegate.swift */,
				60EC7318221230FD006BC97B /* Info.plist */,
			);
			path = Kanto;
			sourceTree = "<group>";
		};
		60EC731E221231B1006BC97B /* Resources */ = {
			isa = PBXGroup;
			children = (
				60EC7313221230FD006BC97B /* Assets.xcassets */,
			);
			name = Resources;
			sourceTree = "<group>";
		};
		60EC731F221231B6006BC97B /* Controllers */ = {
			isa = PBXGroup;
			children = (
				60EC730C221230EF006BC97B /* MapViewController.swift */,
				60EC730E221230EF006BC97B /* PlacesListViewController.swift */,
			);
			path = Controllers;
			sourceTree = "<group>";
		};
		60EC7320221231BA006BC97B /* Views */ = {
			isa = PBXGroup;
			children = (
				6067E40822136B3600561EB0 /* TableViewCells */,
			);
			name = Views;
			sourceTree = "<group>";
		};
		60EC7321221231BE006BC97B /* Models */ = {
			isa = PBXGroup;
			children = (
				601542A822187D6600F02793 /* PlaceModel.swift */,
			);
			path = Models;
			sourceTree = "<group>";
		};
		60EC732222123287006BC97B /* Utils */ = {
			isa = PBXGroup;
			children = (
				60BB5AFE2218973A0077B8B7 /* Extensions */,
			);
			name = Utils;
			sourceTree = "<group>";
		};
		60EC7323221232F5006BC97B /* Storyboards */ = {
			isa = PBXGroup;
			children = (
				60EC7310221230EF006BC97B /* Main.storyboard */,
			);
			name = Storyboards;
			path = Models;
			sourceTree = "<group>";
		};
/* End PBXGroup section */

/* Begin PBXNativeTarget section */
		60EC7306221230EF006BC97B /* Kanto */ = {
			isa = PBXNativeTarget;
			buildConfigurationList = 60EC731B221230FD006BC97B /* Build configuration list for PBXNativeTarget "Kanto" */;
			buildPhases = (
				60EC7303221230EF006BC97B /* Sources */,
				60EC7304221230EF006BC97B /* Frameworks */,
				60EC7305221230EF006BC97B /* Resources */,
			);
			buildRules = (
			);
			dependencies = (
			);
			name = Kanto;
			productName = Kanto;
			productReference = 60EC7307221230EF006BC97B /* Kanto.app */;
			productType = "com.apple.product-type.application";
		};
/* End PBXNativeTarget section */

/* Begin PBXProject section */
		60EC72FF221230EF006BC97B /* Project object */ = {
			isa = PBXProject;
			attributes = {
				LastSwiftUpdateCheck = 1010;
				LastUpgradeCheck = 1010;
				ORGANIZATIONNAME = "Anastasia Veremiichyk";
				TargetAttributes = {
					60EC7306221230EF006BC97B = {
						CreatedOnToolsVersion = 10.1;
					};
				};
			};
			buildConfigurationList = 60EC7302221230EF006BC97B /* Build configuration list for PBXProject "Kanto" */;
			compatibilityVersion = "Xcode 9.3";
			developmentRegion = en;
			hasScannedForEncodings = 0;
			knownRegions = (
				en,
				Base,
			);
			mainGroup = 60EC72FE221230EF006BC97B;
			productRefGroup = 60EC7308221230EF006BC97B /* Products */;
			projectDirPath = "";
			projectRoot = "";
			targets = (
				60EC7306221230EF006BC97B /* Kanto */,
			);
		};
/* End PBXProject section */

/* Begin PBXResourcesBuildPhase section */
		60EC7305221230EF006BC97B /* Resources */ = {
			isa = PBXResourcesBuildPhase;
			buildActionMask = 2147483647;
			files = (
				60EC7314221230FD006BC97B /* Assets.xcassets in Resources */,
				60EC7312221230EF006BC97B /* Main.storyboard in Resources */,
			);
			runOnlyForDeploymentPostprocessing = 0;
		};
/* End PBXResourcesBuildPhase section */

/* Begin PBXSourcesBuildPhase section */
		60EC7303221230EF006BC97B /* Sources */ = {
			isa = PBXSourcesBuildPhase;
			buildActionMask = 2147483647;
			files = (
				60EC730F221230EF006BC97B /* PlacesListViewController.swift in Sources */,
				60EC730B221230EF006BC97B /* AppDelegate.swift in Sources */,
				60BB5B002218974F0077B8B7 /* ViewControllerExtension.swift in Sources */,
				601542A922187D6600F02793 /* PlaceModel.swift in Sources */,
				60EC730D221230EF006BC97B /* MapViewController.swift in Sources */,
				6067E40C22136C2300561EB0 /* PlaceTableViewCell.swift in Sources */,
			);
			runOnlyForDeploymentPostprocessing = 0;
		};
/* End PBXSourcesBuildPhase section */

/* Begin PBXVariantGroup section */
		60EC7310221230EF006BC97B /* Main.storyboard */ = {
			isa = PBXVariantGroup;
			children = (
				60EC7311221230EF006BC97B /* Base */,
			);
			name = Main.storyboard;
			sourceTree = "<group>";
		};
/* End PBXVariantGroup section */

/* Begin XCBuildConfiguration section */
		60EC7319221230FD006BC97B /* Debug */ = {
			isa = XCBuildConfiguration;
			buildSettings = {
				ALWAYS_SEARCH_USER_PATHS = NO;
				CLANG_ANALYZER_NONNULL = YES;
				CLANG_ANALYZER_NUMBER_OBJECT_CONVERSION = YES_AGGRESSIVE;
				CLANG_CXX_LANGUAGE_STANDARD = "gnu++14";
				CLANG_CXX_LIBRARY = "libc++";
				CLANG_ENABLE_MODULES = YES;
				CLANG_ENABLE_OBJC_ARC = YES;
				CLANG_ENABLE_OBJC_WEAK = YES;
				CLANG_WARN_BLOCK_CAPTURE_AUTORELEASING = YES;
				CLANG_WARN_BOOL_CONVERSION = YES;
				CLANG_WARN_COMMA = YES;
				CLANG_WARN_CONSTANT_CONVERSION = YES;
				CLANG_WARN_DEPRECATED_OBJC_IMPLEMENTATIONS = YES;
				CLANG_WARN_DIRECT_OBJC_ISA_USAGE = YES_ERROR;
				CLANG_WARN_DOCUMENTATION_COMMENTS = YES;
				CLANG_WARN_EMPTY_BODY = YES;
				CLANG_WARN_ENUM_CONVERSION = YES;
				CLANG_WARN_INFINITE_RECURSION = YES;
				CLANG_WARN_INT_CONVERSION = YES;
				CLANG_WARN_NON_LITERAL_NULL_CONVERSION = YES;
				CLANG_WARN_OBJC_IMPLICIT_RETAIN_SELF = YES;
				CLANG_WARN_OBJC_LITERAL_CONVERSION = YES;
				CLANG_WARN_OBJC_ROOT_CLASS = YES_ERROR;
				CLANG_WARN_RANGE_LOOP_ANALYSIS = YES;
				CLANG_WARN_STRICT_PROTOTYPES = YES;
				CLANG_WARN_SUSPICIOUS_MOVE = YES;
				CLANG_WARN_UNGUARDED_AVAILABILITY = YES_AGGRESSIVE;
				CLANG_WARN_UNREACHABLE_CODE = YES;
				CLANG_WARN__DUPLICATE_METHOD_MATCH = YES;
				CODE_SIGN_IDENTITY = "iPhone Developer";
				COPY_PHASE_STRIP = NO;
				DEBUG_INFORMATION_FORMAT = dwarf;
				ENABLE_STRICT_OBJC_MSGSEND = YES;
				ENABLE_TESTABILITY = YES;
				GCC_C_LANGUAGE_STANDARD = gnu11;
				GCC_DYNAMIC_NO_PIC = NO;
				GCC_NO_COMMON_BLOCKS = YES;
				GCC_OPTIMIZATION_LEVEL = 0;
				GCC_PREPROCESSOR_DEFINITIONS = (
					"DEBUG=1",
					"$(inherited)",
				);
				GCC_WARN_64_TO_32_BIT_CONVERSION = YES;
				GCC_WARN_ABOUT_RETURN_TYPE = YES_ERROR;
				GCC_WARN_UNDECLARED_SELECTOR = YES;
				GCC_WARN_UNINITIALIZED_AUTOS = YES_AGGRESSIVE;
				GCC_WARN_UNUSED_FUNCTION = YES;
				GCC_WARN_UNUSED_VARIABLE = YES;
				IPHONEOS_DEPLOYMENT_TARGET = 12.1;
				MTL_ENABLE_DEBUG_INFO = INCLUDE_SOURCE;
				MTL_FAST_MATH = YES;
				ONLY_ACTIVE_ARCH = YES;
				SDKROOT = iphoneos;
				SWIFT_ACTIVE_COMPILATION_CONDITIONS = DEBUG;
				SWIFT_OPTIMIZATION_LEVEL = "-Onone";
			};
			name = Debug;
		};
		60EC731A221230FD006BC97B /* Release */ = {
			isa = XCBuildConfiguration;
			buildSettings = {
				ALWAYS_SEARCH_USER_PATHS = NO;
				CLANG_ANALYZER_NONNULL = YES;
				CLANG_ANALYZER_NUMBER_OBJECT_CONVERSION = YES_AGGRESSIVE;
				CLANG_CXX_LANGUAGE_STANDARD = "gnu++14";
				CLANG_CXX_LIBRARY = "libc++";
				CLANG_ENABLE_MODULES = YES;
				CLANG_ENABLE_OBJC_ARC = YES;
				CLANG_ENABLE_OBJC_WEAK = YES;
				CLANG_WARN_BLOCK_CAPTURE_AUTORELEASING = YES;
				CLANG_WARN_BOOL_CONVERSION = YES;
				CLANG_WARN_COMMA = YES;
				CLANG_WARN_CONSTANT_CONVERSION = YES;
				CLANG_WARN_DEPRECATED_OBJC_IMPLEMENTATIONS = YES;
				CLANG_WARN_DIRECT_OBJC_ISA_USAGE = YES_ERROR;
				CLANG_WARN_DOCUMENTATION_COMMENTS = YES;
				CLANG_WARN_EMPTY_BODY = YES;
				CLANG_WARN_ENUM_CONVERSION = YES;
				CLANG_WARN_INFINITE_RECURSION = YES;
				CLANG_WARN_INT_CONVERSION = YES;
				CLANG_WARN_NON_LITERAL_NULL_CONVERSION = YES;
				CLANG_WARN_OBJC_IMPLICIT_RETAIN_SELF = YES;
				CLANG_WARN_OBJC_LITERAL_CONVERSION = YES;
				CLANG_WARN_OBJC_ROOT_CLASS = YES_ERROR;
				CLANG_WARN_RANGE_LOOP_ANALYSIS = YES;
				CLANG_WARN_STRICT_PROTOTYPES = YES;
				CLANG_WARN_SUSPICIOUS_MOVE = YES;
				CLANG_WARN_UNGUARDED_AVAILABILITY = YES_AGGRESSIVE;
				CLANG_WARN_UNREACHABLE_CODE = YES;
				CLANG_WARN__DUPLICATE_METHOD_MATCH = YES;
				CODE_SIGN_IDENTITY = "iPhone Developer";
				COPY_PHASE_STRIP = NO;
				DEBUG_INFORMATION_FORMAT = "dwarf-with-dsym";
				ENABLE_NS_ASSERTIONS = NO;
				ENABLE_STRICT_OBJC_MSGSEND = YES;
				GCC_C_LANGUAGE_STANDARD = gnu11;
				GCC_NO_COMMON_BLOCKS = YES;
				GCC_WARN_64_TO_32_BIT_CONVERSION = YES;
				GCC_WARN_ABOUT_RETURN_TYPE = YES_ERROR;
				GCC_WARN_UNDECLARED_SELECTOR = YES;
				GCC_WARN_UNINITIALIZED_AUTOS = YES_AGGRESSIVE;
				GCC_WARN_UNUSED_FUNCTION = YES;
				GCC_WARN_UNUSED_VARIABLE = YES;
				IPHONEOS_DEPLOYMENT_TARGET = 12.1;
				MTL_ENABLE_DEBUG_INFO = NO;
				MTL_FAST_MATH = YES;
				SDKROOT = iphoneos;
				SWIFT_COMPILATION_MODE = wholemodule;
				SWIFT_OPTIMIZATION_LEVEL = "-O";
				VALIDATE_PRODUCT = YES;
			};
			name = Release;
		};
		60EC731C221230FD006BC97B /* Debug */ = {
			isa = XCBuildConfiguration;
			buildSettings = {
				ASSETCATALOG_COMPILER_APPICON_NAME = AppIcon;
				CODE_SIGN_STYLE = Automatic;
				DEVELOPMENT_TEAM = W2AQD9K35K;
				INFOPLIST_FILE = Kanto/Info.plist;
				LD_RUNPATH_SEARCH_PATHS = (
					"$(inherited)",
					"@executable_path/Frameworks",
				);
				PRODUCT_BUNDLE_IDENTIFIER = "com.anastasiia-veremiichyk.Kanto";
				PRODUCT_NAME = "$(TARGET_NAME)";
				SWIFT_VERSION = 4.2;
				TARGETED_DEVICE_FAMILY = "1,2";
			};
			name = Debug;
		};
		60EC731D221230FD006BC97B /* Release */ = {
			isa = XCBuildConfiguration;
			buildSettings = {
				ASSETCATALOG_COMPILER_APPICON_NAME = AppIcon;
				CODE_SIGN_STYLE = Automatic;
				DEVELOPMENT_TEAM = W2AQD9K35K;
				INFOPLIST_FILE = Kanto/Info.plist;
				LD_RUNPATH_SEARCH_PATHS = (
					"$(inherited)",
					"@executable_path/Frameworks",
				);
				PRODUCT_BUNDLE_IDENTIFIER = "com.anastasiia-veremiichyk.Kanto";
				PRODUCT_NAME = "$(TARGET_NAME)";
				SWIFT_VERSION = 4.2;
				TARGETED_DEVICE_FAMILY = "1,2";
			};
			name = Release;
		};
/* End XCBuildConfiguration section */

/* Begin XCConfigurationList section */
		60EC7302221230EF006BC97B /* Build configuration list for PBXProject "Kanto" */ = {
			isa = XCConfigurationList;
			buildConfigurations = (
				60EC7319221230FD006BC97B /* Debug */,
				60EC731A221230FD006BC97B /* Release */,
			);
			defaultConfigurationIsVisible = 0;
			defaultConfigurationName = Release;
		};
		60EC731B221230FD006BC97B /* Build configuration list for PBXNativeTarget "Kanto" */ = {
			isa = XCConfigurationList;
			buildConfigurations = (
				60EC731C221230FD006BC97B /* Debug */,
				60EC731D221230FD006BC97B /* Release */,
			);
			defaultConfigurationIsVisible = 0;
			defaultConfigurationName = Release;
		};
/* End XCConfigurationList section */
	};
	rootObject = 60EC72FF221230EF006BC97B /* Project object */;
}
